{
  "name": "pr_ws_server",
  "lockfileVersion": 2,
  "requires": true,
  "packages": {
    "": {
      "dependencies": {
        "pr": "^0.3.2",
        "ws": "^8.18.0",
        "xmlhttprequest": "^1.8.0"
      }
    },
    "node_modules/bluebird": {
      "version": "2.11.0",
      "resolved": "https://registry.npmjs.org/bluebird/-/bluebird-2.11.0.tgz",
      "integrity": "sha512-UfFSr22dmHPQqPP9XWHRhq+gWnHCYguQGkXQlbyPtW5qTnhFWA8/iXg765tH0cAjy7l/zPJ1aBTO0g5XgA7kvQ=="
    },
    "node_modules/polyfill-promise": {
      "version": "4.0.1",
      "resolved": "https://registry.npmjs.org/polyfill-promise/-/polyfill-promise-4.0.1.tgz",
      "integrity": "sha512-FUxvBZAq47X+r4YKKoKfGtk4RKUxKqY0Ni0/xBgwr3kutuwZrJBentc0aVbVIT20ybWALH0nyq50aq374zjrCw==",
      "dependencies": {
        "bluebird": "^2.9.27"
      }
    },
    "node_modules/pr": {
      "version": "0.3.2",
      "resolved": "https://registry.npmjs.org/pr/-/pr-0.3.2.tgz",
      "integrity": "sha512-6lg/AVh39s2LdQFmA4Wx1zKlQt5JlQY694G8VKEqcAVbVwyL5Ydheu2LVFcp1P0E4/YMj+98bZcRiSXZoQrc3g==",
      "dependencies": {
        "polyfill-promise": "^4.0.1"
      }
    },
    "node_modules/ws": {
      "version": "8.18.0",
      "resolved": "https://registry.npmjs.org/ws/-/ws-8.18.0.tgz",
      "integrity": "sha512-8VbfWfHLbbwu3+N6OKsOMpBdT4kXPDDB9cJk2bJ6mh9ucxdlnNvH1e+roYkKmN9Nxw2yjz7VzeO9oOz2zJ04Pw==",
      "engines": {
        "node": ">=10.0.0"
      },
      "peerDependencies": {
        "bufferutil": "^4.0.1",
        "utf-8-validate": ">=5.0.2"
      },
      "peerDependenciesMeta": {
        "bufferutil": {
          "optional": true
        },
        "utf-8-validate": {
          "optional": true
        }
      }
    },
    "node_modules/xmlhttprequest": {
      "version": "1.8.0",
      "resolved": "https://registry.npmjs.org/xmlhttprequest/-/xmlhttprequest-1.8.0.tgz",
      "integrity": "sha512-58Im/U0mlVBLM38NdZjHyhuMtCqa61469k2YP/AaPbvCoV9aQGUpbJBj1QRm2ytRiVQBD/fsw7L2bJGDVQswBA==",
      "engines": {
        "node": ">=0.4.0"
      }
    }
  },
  "dependencies": {
    "bluebird": {
      "version": "2.11.0",
      "resolved": "https://registry.npmjs.org/bluebird/-/bluebird-2.11.0.tgz",
      "integrity": "sha512-UfFSr22dmHPQqPP9XWHRhq+gWnHCYguQGkXQlbyPtW5qTnhFWA8/iXg765tH0cAjy7l/zPJ1aBTO0g5XgA7kvQ=="
    },
    "polyfill-promise": {
      "version": "4.0.1",
      "resolved": "https://registry.npmjs.org/polyfill-promise/-/polyfill-promise-4.0.1.tgz",
      "integrity": "sha512-FUxvBZAq47X+r4YKKoKfGtk4RKUxKqY0Ni0/xBgwr3kutuwZrJBentc0aVbVIT20ybWALH0nyq50aq374zjrCw==",
      "requires": {
        "bluebird": "^2.9.27"
      }
    },
    "pr": {
      "version": "0.3.2",
      "resolved": "https://registry.npmjs.org/pr/-/pr-0.3.2.tgz",
      "integrity": "sha512-6lg/AVh39s2LdQFmA4Wx1zKlQt5JlQY694G8VKEqcAVbVwyL5Ydheu2LVFcp1P0E4/YMj+98bZcRiSXZoQrc3g==",
      "requires": {
        "polyfill-promise": "^4.0.1"
      }
    },
    "ws": {
      "version": "8.18.0",
      "resolved": "https://registry.npmjs.org/ws/-/ws-8.18.0.tgz",
      "integrity": "sha512-8VbfWfHLbbwu3+N6OKsOMpBdT4kXPDDB9cJk2bJ6mh9ucxdlnNvH1e+roYkKmN9Nxw2yjz7VzeO9oOz2zJ04Pw==",
      "requires": {}
    },
    "xmlhttprequest": {
      "version": "1.8.0",
      "resolved": "https://registry.npmjs.org/xmlhttprequest/-/xmlhttprequest-1.8.0.tgz",
      "integrity": "sha512-58Im/U0mlVBLM38NdZjHyhuMtCqa61469k2YP/AaPbvCoV9aQGUpbJBj1QRm2ytRiVQBD/fsw7L2bJGDVQswBA=="
    }
  }
}
